
Microsoft Visual Studio Solution File, Format Version 12.00
# Visual Studio Version 17
VisualStudioVersion = 17.7.34024.191
MinimumVisualStudioVersion = 10.0.40219.1
Project("{FAE04EC0-301F-11D3-BF4B-00C04F79EFBC}") = "Student_Project", "Student_Project\Student_Project.csproj", "{F9F0181E-B708-446E-B70F-723AB95CD11B}"
EndProject
Global
	GlobalSection(SolutionConfigurationPlatforms) = preSolution
		Debug|Any CPU = Debug|Any CPU
		Release|Any CPU = Release|Any CPU
	EndGlobalSection
	GlobalSection(ProjectConfigurationPlatforms) = postSolution
		{F9F0181E-B708-446E-B70F-723AB95CD11B}.Debug|Any CPU.ActiveCfg = Debug|Any CPU
		{F9F0181E-B708-446E-B70F-723AB95CD11B}.Debug|Any CPU.Build.0 = Debug|Any CPU
		{F9F0181E-B708-446E-B70F-723AB95CD11B}.Release|Any CPU.ActiveCfg = Release|Any CPU
		{F9F0181E-B708-446E-B70F-723AB95CD11B}.Release|Any CPU.Build.0 = Release|Any CPU
	EndGlobalSection
	GlobalSection(SolutionProperties) = preSolution
		HideSolutionNode = FALSE
	EndGlobalSection
	GlobalSection(ExtensibilityGlobals) = postSolution
		SolutionGuid = {2A35AC23-AFD7-43FB-BD01-CA47CA9304E0}
	EndGlobalSection
EndGlobal
